{
  "requires": true,
  "lockfileVersion": 1,
  "dependencies": {
    "@ckeditor/ckeditor5-angular": {
      "version": "1.1.2",
      "resolved": "https://registry.npmjs.org/@ckeditor/ckeditor5-angular/-/ckeditor5-angular-1.1.2.tgz",
      "integrity": "sha512-qIQD2fD2Lb8KDaZeJZF62N1otLyfLgVyAPT+CagoXvC6jXGyXovQxpaofttHB16+thC/oWx2SMBYXmEFWU8KSA==",
      "requires": {
        "tslib": "^1.9.0"
      }
    },
    "@ckeditor/ckeditor5-build-classic": {
      "version": "15.0.0",
      "resolved": "https://registry.npmjs.org/@ckeditor/ckeditor5-build-classic/-/ckeditor5-build-classic-15.0.0.tgz",
      "integrity": "sha512-oIEYT4obF3+aPgA2BkzCZsK4vzOohpZRWn549dz/FWU6TIIBH7g5wE7CQtsMJG8KnnqC5Y+eh+HNURQxDGvj/g=="
    },
    "tslib": {
      "version": "1.10.0",
      "resolved": "https://registry.npmjs.org/tslib/-/tslib-1.10.0.tgz",
      "integrity": "sha512-qOebF53frne81cf0S9B41ByenJ3/IuH8yJKngAX35CmiZySA0khhkovshKK+jGCaMnVomla7gVlIcc3EvKPbTQ=="
    }
  }
}
